
Microsoft Visual Studio Solution File, Format Version 12.00
# Visual Studio 15
VisualStudioVersion = 15.0.28307.1169
MinimumVisualStudioVersion = 10.0.40219.1
Project("{FAE04EC0-301F-11D3-BF4B-00C04F79EFBC}") = "W3_Exercises", "W3_Exercises\W3_Exercises.csproj", "{EBD894A3-B69B-4C38-AEF6-947EC562EF2D}"
EndProject
Global
	GlobalSection(SolutionConfigurationPlatforms) = preSolution
		Debug|Any CPU = Debug|Any CPU
		Release|Any CPU = Release|Any CPU
	EndGlobalSection
	GlobalSection(ProjectConfigurationPlatforms) = postSolution
		{EBD894A3-B69B-4C38-AEF6-947EC562EF2D}.Debug|Any CPU.ActiveCfg = Debug|Any CPU
		{EBD894A3-B69B-4C38-AEF6-947EC562EF2D}.Debug|Any CPU.Build.0 = Debug|Any CPU
		{EBD894A3-B69B-4C38-AEF6-947EC562EF2D}.Release|Any CPU.ActiveCfg = Release|Any CPU
		{EBD894A3-B69B-4C38-AEF6-947EC562EF2D}.Release|Any CPU.Build.0 = Release|Any CPU
	EndGlobalSection
	GlobalSection(SolutionProperties) = preSolution
		HideSolutionNode = FALSE
	EndGlobalSection
	GlobalSection(ExtensibilityGlobals) = postSolution
		SolutionGuid = {7351FA7A-B9DD-4B10-A68B-FA0AE500B147}
	EndGlobalSection
EndGlobal
